// !$*UTF8*$!
{
	archiveVersion = 1;
	classes = {
	};
	objectVersion = 50;
	objects = {

/* Begin PBXBuildFile section */
		D07A65C620AF424100E7B8D0 /* Tv_Channel.cpp in Sources */ = {isa = PBXBuildFile; fileRef = D07A65C420AF424100E7B8D0 /* Tv_Channel.cpp */; };
		D07A65CA20AF44A400E7B8D0 /* External_Function.cpp in Sources */ = {isa = PBXBuildFile; fileRef = D07A65C820AF44A400E7B8D0 /* External_Function.cpp */; };
		D0C252E720AE0C2300FBE7EC /* main.cpp in Sources */ = {isa = PBXBuildFile; fileRef = D0C252E620AE0C2300FBE7EC /* main.cpp */; };
/* End PBXBuildFile section */

/* Begin PBXCopyFilesBuildPhase section */
		D0C252E120AE0C2300FBE7EC /* CopyFiles */ = {
			isa = PBXCopyFilesBuildPhase;
			buildActionMask = 2147483647;
			dstPath = /usr/share/man/man1/;
			dstSubfolderSpec = 0;
			files = (
			);
			runOnlyForDeploymentPostprocessing = 1;
		};
/* End PBXCopyFilesBuildPhase section */

/* Begin PBXFileReference section */
		D07A65C420AF424100E7B8D0 /* Tv_Channel.cpp */ = {isa = PBXFileReference; lastKnownFileType = sourcecode.cpp.cpp; path = Tv_Channel.cpp; sourceTree = "<group>"; };
		D07A65C520AF424100E7B8D0 /* Tv_Channel.hpp */ = {isa = PBXFileReference; lastKnownFileType = sourcecode.cpp.h; path = Tv_Channel.hpp; sourceTree = "<group>"; };
		D07A65C720AF440200E7B8D0 /* Information.h */ = {isa = PBXFileReference; lastKnownFileType = sourcecode.c.h; path = Information.h; sourceTree = "<group>"; };
		D07A65C820AF44A400E7B8D0 /* External_Function.cpp */ = {isa = PBXFileReference; lastKnownFileType = sourcecode.cpp.cpp; path = External_Function.cpp; sourceTree = "<group>"; };
		D07A65C920AF44A400E7B8D0 /* External_Function.hpp */ = {isa = PBXFileReference; lastKnownFileType = sourcecode.cpp.h; path = External_Function.hpp; sourceTree = "<group>"; };
		D0C252E320AE0C2300FBE7EC /* TV_Channel */ = {isa = PBXFileReference; explicitFileType = "compiled.mach-o.executable"; includeInIndex = 0; path = TV_Channel; sourceTree = BUILT_PRODUCTS_DIR; };
		D0C252E620AE0C2300FBE7EC /* main.cpp */ = {isa = PBXFileReference; lastKnownFileType = sourcecode.cpp.cpp; path = main.cpp; sourceTree = "<group>"; };
/* End PBXFileReference section */

/* Begin PBXFrameworksBuildPhase section */
		D0C252E020AE0C2300FBE7EC /* Frameworks */ = {
			isa = PBXFrameworksBuildPhase;
			buildActionMask = 2147483647;
			files = (
			);
			runOnlyForDeploymentPostprocessing = 0;
		};
/* End PBXFrameworksBuildPhase section */

/* Begin PBXGroup section */
		D0C252DA20AE0C2200FBE7EC = {
			isa = PBXGroup;
			children = (
				D0C252E520AE0C2300FBE7EC /* TV_Channel */,
				D0C252E420AE0C2300FBE7EC /* Products */,
			);
			sourceTree = "<group>";
		};
		D0C252E420AE0C2300FBE7EC /* Products */ = {
			isa = PBXGroup;
			children = (
				D0C252E320AE0C2300FBE7EC /* TV_Channel */,
			);
			name = Products;
			sourceTree = "<group>";
		};
		D0C252E520AE0C2300FBE7EC /* TV_Channel */ = {
			isa = PBXGroup;
			children = (
				D0C252E620AE0C2300FBE7EC /* main.cpp */,
				D07A65C820AF44A400E7B8D0 /* External_Function.cpp */,
				D07A65C920AF44A400E7B8D0 /* External_Function.hpp */,
				D07A65C420AF424100E7B8D0 /* Tv_Channel.cpp */,
				D07A65C520AF424100E7B8D0 /* Tv_Channel.hpp */,
				D07A65C720AF440200E7B8D0 /* Information.h */,
			);
			path = TV_Channel;
			sourceTree = "<group>";
		};
/* End PBXGroup section */

/* Begin PBXNativeTarget section */
		D0C252E220AE0C2300FBE7EC /* TV_Channel */ = {
			isa = PBXNativeTarget;
			buildConfigurationList = D0C252EA20AE0C2300FBE7EC /* Build configuration list for PBXNativeTarget "TV_Channel" */;
			buildPhases = (
				D0C252DF20AE0C2300FBE7EC /* Sources */,
				D0C252E020AE0C2300FBE7EC /* Frameworks */,
				D0C252E120AE0C2300FBE7EC /* CopyFiles */,
			);
			buildRules = (
			);
			dependencies = (
			);
			name = TV_Channel;
			productName = TV_Channel;
			productReference = D0C252E320AE0C2300FBE7EC /* TV_Channel */;
			productType = "com.apple.product-type.tool";
		};
/* End PBXNativeTarget section */

/* Begin PBXProject section */
		D0C252DB20AE0C2200FBE7EC /* Project object */ = {
			isa = PBXProject;
			attributes = {
				LastUpgradeCheck = 0930;
				ORGANIZATIONNAME = "Rodion Loskutov";
				TargetAttributes = {
					D0C252E220AE0C2300FBE7EC = {
						CreatedOnToolsVersion = 9.3;
					};
				};
			};
			buildConfigurationList = D0C252DE20AE0C2200FBE7EC /* Build configuration list for PBXProject "TV_Channel" */;
			compatibilityVersion = "Xcode 9.3";
			developmentRegion = en;
			hasScannedForEncodings = 0;
			knownRegions = (
				en,
			);
			mainGroup = D0C252DA20AE0C2200FBE7EC;
			productRefGroup = D0C252E420AE0C2300FBE7EC /* Products */;
			projectDirPath = "";
			projectRoot = "";
			targets = (
				D0C252E220AE0C2300FBE7EC /* TV_Channel */,
			);
		};
/* End PBXProject section */

/* Begin PBXSourcesBuildPhase section */
		D0C252DF20AE0C2300FBE7EC /* Sources */ = {
			isa = PBXSourcesBuildPhase;
			buildActionMask = 2147483647;
			files = (
				D0C252E720AE0C2300FBE7EC /* main.cpp in Sources */,
				D07A65CA20AF44A400E7B8D0 /* External_Function.cpp in Sources */,
				D07A65C620AF424100E7B8D0 /* Tv_Channel.cpp in Sources */,
			);
			runOnlyForDeploymentPostprocessing = 0;
		};
/* End PBXSourcesBuildPhase section */

/* Begin XCBuildConfiguration section */
		D0C252E820AE0C2300FBE7EC /* Debug */ = {
			isa = XCBuildConfiguration;
			buildSettings = {
				ALWAYS_SEARCH_USER_PATHS = NO;
				CLANG_ANALYZER_NONNULL = YES;
				CLANG_ANALYZER_NUMBER_OBJECT_CONVERSION = YES_AGGRESSIVE;
				CLANG_CXX_LANGUAGE_STANDARD = "gnu++14";
				CLANG_CXX_LIBRARY = "libc++";
				CLANG_ENABLE_MODULES = YES;
				CLANG_ENABLE_OBJC_ARC = YES;
				CLANG_ENABLE_OBJC_WEAK = YES;
				CLANG_WARN_BLOCK_CAPTURE_AUTORELEASING = YES;
				CLANG_WARN_BOOL_CONVERSION = YES;
				CLANG_WARN_COMMA = YES;
				CLANG_WARN_CONSTANT_CONVERSION = YES;
				CLANG_WARN_DEPRECATED_OBJC_IMPLEMENTATIONS = YES;
				CLANG_WARN_DIRECT_OBJC_ISA_USAGE = YES_ERROR;
				CLANG_WARN_DOCUMENTATION_COMMENTS = YES;
				CLANG_WARN_EMPTY_BODY = YES;
				CLANG_WARN_ENUM_CONVERSION = YES;
				CLANG_WARN_INFINITE_RECURSION = YES;
				CLANG_WARN_INT_CONVERSION = YES;
				CLANG_WARN_NON_LITERAL_NULL_CONVERSION = YES;
				CLANG_WARN_OBJC_IMPLICIT_RETAIN_SELF = YES;
				CLANG_WARN_OBJC_LITERAL_CONVERSION = YES;
				CLANG_WARN_OBJC_ROOT_CLASS = YES_ERROR;
				CLANG_WARN_RANGE_LOOP_ANALYSIS = YES;
				CLANG_WARN_STRICT_PROTOTYPES = YES;
				CLANG_WARN_SUSPICIOUS_MOVE = YES;
				CLANG_WARN_UNGUARDED_AVAILABILITY = YES_AGGRESSIVE;
				CLANG_WARN_UNREACHABLE_CODE = YES;
				CLANG_WARN__DUPLICATE_METHOD_MATCH = YES;
				CODE_SIGN_IDENTITY = "-";
				COPY_PHASE_STRIP = NO;
				DEBUG_INFORMATION_FORMAT = dwarf;
				ENABLE_STRICT_OBJC_MSGSEND = YES;
				ENABLE_TESTABILITY = YES;
				GCC_C_LANGUAGE_STANDARD = gnu11;
				GCC_DYNAMIC_NO_PIC = NO;
				GCC_NO_COMMON_BLOCKS = YES;
				GCC_OPTIMIZATION_LEVEL = 0;
				GCC_PREPROCESSOR_DEFINITIONS = (
					"DEBUG=1",
					"$(inherited)",
				);
				GCC_WARN_64_TO_32_BIT_CONVERSION = YES;
				GCC_WARN_ABOUT_RETURN_TYPE = YES_ERROR;
				GCC_WARN_UNDECLARED_SELECTOR = YES;
				GCC_WARN_UNINITIALIZED_AUTOS = YES_AGGRESSIVE;
				GCC_WARN_UNUSED_FUNCTION = YES;
				GCC_WARN_UNUSED_VARIABLE = YES;
				MACOSX_DEPLOYMENT_TARGET = 10.13;
				MTL_ENABLE_DEBUG_INFO = YES;
				ONLY_ACTIVE_ARCH = YES;
				SDKROOT = macosx;
			};
			name = Debug;
		};
		D0C252E920AE0C2300FBE7EC /* Release */ = {
			isa = XCBuildConfiguration;
			buildSettings = {
				ALWAYS_SEARCH_USER_PATHS = NO;
				CLANG_ANALYZER_NONNULL = YES;
				CLANG_ANALYZER_NUMBER_OBJECT_CONVERSION = YES_AGGRESSIVE;
				CLANG_CXX_LANGUAGE_STANDARD = "gnu++14";
				CLANG_CXX_LIBRARY = "libc++";
				CLANG_ENABLE_MODULES = YES;
				CLANG_ENABLE_OBJC_ARC = YES;
				CLANG_ENABLE_OBJC_WEAK = YES;
				CLANG_WARN_BLOCK_CAPTURE_AUTORELEASING = YES;
				CLANG_WARN_BOOL_CONVERSION = YES;
				CLANG_WARN_COMMA = YES;
				CLANG_WARN_CONSTANT_CONVERSION = YES;
				CLANG_WARN_DEPRECATED_OBJC_IMPLEMENTATIONS = YES;
				CLANG_WARN_DIRECT_OBJC_ISA_USAGE = YES_ERROR;
				CLANG_WARN_DOCUMENTATION_COMMENTS = YES;
				CLANG_WARN_EMPTY_BODY = YES;
				CLANG_WARN_ENUM_CONVERSION = YES;
				CLANG_WARN_INFINITE_RECURSION = YES;
				CLANG_WARN_INT_CONVERSION = YES;
				CLANG_WARN_NON_LITERAL_NULL_CONVERSION = YES;
				CLANG_WARN_OBJC_IMPLICIT_RETAIN_SELF = YES;
				CLANG_WARN_OBJC_LITERAL_CONVERSION = YES;
				CLANG_WARN_OBJC_ROOT_CLASS = YES_ERROR;
				CLANG_WARN_RANGE_LOOP_ANALYSIS = YES;
				CLANG_WARN_STRICT_PROTOTYPES = YES;
				CLANG_WARN_SUSPICIOUS_MOVE = YES;
				CLANG_WARN_UNGUARDED_AVAILABILITY = YES_AGGRESSIVE;
				CLANG_WARN_UNREACHABLE_CODE = YES;
				CLANG_WARN__DUPLICATE_METHOD_MATCH = YES;
				CODE_SIGN_IDENTITY = "-";
				COPY_PHASE_STRIP = NO;
				DEBUG_INFORMATION_FORMAT = "dwarf-with-dsym";
				ENABLE_NS_ASSERTIONS = NO;
				ENABLE_STRICT_OBJC_MSGSEND = YES;
				GCC_C_LANGUAGE_STANDARD = gnu11;
				GCC_NO_COMMON_BLOCKS = YES;
				GCC_WARN_64_TO_32_BIT_CONVERSION = YES;
				GCC_WARN_ABOUT_RETURN_TYPE = YES_ERROR;
				GCC_WARN_UNDECLARED_SELECTOR = YES;
				GCC_WARN_UNINITIALIZED_AUTOS = YES_AGGRESSIVE;
				GCC_WARN_UNUSED_FUNCTION = YES;
				GCC_WARN_UNUSED_VARIABLE = YES;
				MACOSX_DEPLOYMENT_TARGET = 10.13;
				MTL_ENABLE_DEBUG_INFO = NO;
				SDKROOT = macosx;
			};
			name = Release;
		};
		D0C252EB20AE0C2300FBE7EC /* Debug */ = {
			isa = XCBuildConfiguration;
			buildSettings = {
				CODE_SIGN_STYLE = Automatic;
				PRODUCT_NAME = "$(TARGET_NAME)";
			};
			name = Debug;
		};
		D0C252EC20AE0C2300FBE7EC /* Release */ = {
			isa = XCBuildConfiguration;
			buildSettings = {
				CODE_SIGN_STYLE = Automatic;
				PRODUCT_NAME = "$(TARGET_NAME)";
			};
			name = Release;
		};
/* End XCBuildConfiguration section */

/* Begin XCConfigurationList section */
		D0C252DE20AE0C2200FBE7EC /* Build configuration list for PBXProject "TV_Channel" */ = {
			isa = XCConfigurationList;
			buildConfigurations = (
				D0C252E820AE0C2300FBE7EC /* Debug */,
				D0C252E920AE0C2300FBE7EC /* Release */,
			);
			defaultConfigurationIsVisible = 0;
			defaultConfigurationName = Release;
		};
		D0C252EA20AE0C2300FBE7EC /* Build configuration list for PBXNativeTarget "TV_Channel" */ = {
			isa = XCConfigurationList;
			buildConfigurations = (
				D0C252EB20AE0C2300FBE7EC /* Debug */,
				D0C252EC20AE0C2300FBE7EC /* Release */,
			);
			defaultConfigurationIsVisible = 0;
			defaultConfigurationName = Release;
		};
/* End XCConfigurationList section */
	};
	rootObject = D0C252DB20AE0C2200FBE7EC /* Project object */;
}
